<?xml version="1.0" encoding="utf-8"?>
<Project ToolsVersion="4.0" xmlns="http://schemas.microsoft.com/developer/msbuild/2003">
  <ItemGroup>
    <Filter Include="Source Files">
      <UniqueIdentifier>{4FC737F1-C7A5-4376-A066-2A32D752A2FF}</UniqueIdentifier>
      <Extensions>cpp;c;cc;cxx;def;odl;idl;hpj;bat;asm;asmx</Extensions>
    </Filter>
    <Filter Include="Header Files">
      <UniqueIdentifier>{93995380-89BD-4b04-88EB-625FBE52EBFB}</UniqueIdentifier>
      <Extensions>h;hh;hpp;hxx;hm;inl;inc;xsd</Extensions>
    </Filter>
    <Filter Include="Resource Files">
      <UniqueIdentifier>{67DA6AB6-F800-4c08-8B7A-83BB121AAD01}</UniqueIdentifier>
      <Extensions>rc;ico;cur;bmp;dlg;rc2;rct;bin;rgs;gif;jpg;jpeg;jpe;resx;tiff;tif;png;wav</Extensions>
    </Filter>
  </ItemGroup>
  <ItemGroup>
    <ClCompile Include="matlab\yprime.c">
      <Filter>Source Files</Filter>
    </ClCompile>
    <ClCompile Include="matlab\src\vl_cudatool.cpp">
      <Filter>Source Files</Filter>
    </ClCompile>
    <ClCompile Include="matlab\src\vl_imreadjpeg.cpp">
      <Filter>Source Files</Filter>
    </ClCompile>
    <ClCompile Include="matlab\src\vl_imreadjpeg_old.cpp">
      <Filter>Source Files</Filter>
    </ClCompile>
    <ClCompile Include="matlab\src\vl_nnbilinearsampler.cpp">
      <Filter>Source Files</Filter>
    </ClCompile>
    <ClCompile Include="matlab\src\vl_nnbnorm.cpp">
      <Filter>Source Files</Filter>
    </ClCompile>
    <ClCompile Include="matlab\src\vl_nnconv.cpp">
      <Filter>Source Files</Filter>
    </ClCompile>
    <ClCompile Include="matlab\src\vl_nnconvt.cpp">
      <Filter>Source Files</Filter>
    </ClCompile>
    <ClCompile Include="matlab\src\vl_nnnormalize.cpp">
      <Filter>Source Files</Filter>
    </ClCompile>
    <ClCompile Include="matlab\src\vl_nnpool.cpp">
      <Filter>Source Files</Filter>
    </ClCompile>
    <ClCompile Include="matlab\src\vl_nnroipool.cpp">
      <Filter>Source Files</Filter>
    </ClCompile>
    <ClCompile Include="matlab\src\vl_taccummex.cpp">
      <Filter>Source Files</Filter>
    </ClCompile>
    <ClCompile Include="matlab\src\vl_tmove.cpp">
      <Filter>Source Files</Filter>
    </ClCompile>
    <ClCompile Include="matlab\src\bits\data.cpp">
      <Filter>Source Files</Filter>
    </ClCompile>
    <ClCompile Include="matlab\src\bits\datamex.cpp">
      <Filter>Source Files</Filter>
    </ClCompile>
    <ClCompile Include="matlab\src\bits\imread.cpp">
      <Filter>Source Files</Filter>
    </ClCompile>
    <ClCompile Include="matlab\src\bits\nnbias.cpp">
      <Filter>Source Files</Filter>
    </ClCompile>
    <ClCompile Include="matlab\src\bits\nnbilinearsampler.cpp">
      <Filter>Source Files</Filter>
    </ClCompile>
    <ClCompile Include="matlab\src\bits\nnbnorm.cpp">
      <Filter>Source Files</Filter>
    </ClCompile>
    <ClCompile Include="matlab\src\bits\nnconv.cpp">
      <Filter>Source Files</Filter>
    </ClCompile>
    <ClCompile Include="matlab\src\bits\nnfullyconnected.cpp">
      <Filter>Source Files</Filter>
    </ClCompile>
    <ClCompile Include="matlab\src\bits\nnnormalize.cpp">
      <Filter>Source Files</Filter>
    </ClCompile>
    <ClCompile Include="matlab\src\bits\nnpooling.cpp">
      <Filter>Source Files</Filter>
    </ClCompile>
    <ClCompile Include="matlab\src\bits\nnroipooling.cpp">
      <Filter>Source Files</Filter>
    </ClCompile>
    <ClCompile Include="matlab\src\bits\nnsubsample.cpp">
      <Filter>Source Files</Filter>
    </ClCompile>
    <ClCompile Include="matlab\src\bits\impl\bilinearsampler_cpu.cpp">
      <Filter>Source Files</Filter>
    </ClCompile>
    <ClCompile Include="matlab\src\bits\impl\bnorm_cpu.cpp">
      <Filter>Source Files</Filter>
    </ClCompile>
    <ClCompile Include="matlab\src\bits\impl\copy_cpu.cpp">
      <Filter>Source Files</Filter>
    </ClCompile>
    <ClCompile Include="matlab\src\bits\impl\im2row_cpu.cpp">
      <Filter>Source Files</Filter>
    </ClCompile>
    <ClCompile Include="matlab\src\bits\impl\imread_gdiplus.cpp">
      <Filter>Source Files</Filter>
    </ClCompile>
    <ClCompile Include="matlab\src\bits\impl\imread_libjpeg.cpp">
      <Filter>Source Files</Filter>
    </ClCompile>
    <ClCompile Include="matlab\src\bits\impl\imread_quartz.cpp">
      <Filter>Source Files</Filter>
    </ClCompile>
    <ClCompile Include="matlab\src\bits\impl\normalize_cpu.cpp">
      <Filter>Source Files</Filter>
    </ClCompile>
    <ClCompile Include="matlab\src\bits\impl\pooling_cpu.cpp">
      <Filter>Source Files</Filter>
    </ClCompile>
    <ClCompile Include="matlab\src\bits\impl\roipooling_cpu.cpp">
      <Filter>Source Files</Filter>
    </ClCompile>
    <ClCompile Include="matlab\src\bits\impl\subsample_cpu.cpp">
      <Filter>Source Files</Filter>
    </ClCompile>
    <ClCompile Include="matlab\src\bits\impl\tinythread.cpp">
      <Filter>Source Files</Filter>
    </ClCompile>
  </ItemGroup>
  <ItemGroup>
    <ClInclude Include="matlab\src\bits\mexutils.h">
      <Filter>Header Files</Filter>
    </ClInclude>
    <ClInclude Include="matlab\src\bits\data.hpp">
      <Filter>Header Files</Filter>
    </ClInclude>
    <ClInclude Include="matlab\src\bits\datacu.hpp">
      <Filter>Header Files</Filter>
    </ClInclude>
    <ClInclude Include="matlab\src\bits\datamex.hpp">
      <Filter>Header Files</Filter>
    </ClInclude>
    <ClInclude Include="matlab\src\bits\imread.hpp">
      <Filter>Header Files</Filter>
    </ClInclude>
    <ClInclude Include="matlab\src\bits\nnbias.hpp">
      <Filter>Header Files</Filter>
    </ClInclude>
    <ClInclude Include="matlab\src\bits\nnbilinearsampler.hpp">
      <Filter>Header Files</Filter>
    </ClInclude>
    <ClInclude Include="matlab\src\bits\nnbnorm.hpp">
      <Filter>Header Files</Filter>
    </ClInclude>
    <ClInclude Include="matlab\src\bits\nnconv.hpp">
      <Filter>Header Files</Filter>
    </ClInclude>
    <ClInclude Include="matlab\src\bits\nnfullyconnected.hpp">
      <Filter>Header Files</Filter>
    </ClInclude>
    <ClInclude Include="matlab\src\bits\nnnormalize.hpp">
      <Filter>Header Files</Filter>
    </ClInclude>
    <ClInclude Include="matlab\src\bits\nnpooling.hpp">
      <Filter>Header Files</Filter>
    </ClInclude>
    <ClInclude Include="matlab\src\bits\nnroipooling.hpp">
      <Filter>Header Files</Filter>
    </ClInclude>
    <ClInclude Include="matlab\src\bits\nnsubsample.hpp">
      <Filter>Header Files</Filter>
    </ClInclude>
    <ClInclude Include="matlab\src\bits\impl\compat.h">
      <Filter>Header Files</Filter>
    </ClInclude>
    <ClInclude Include="matlab\src\bits\impl\fast_mutex.h">
      <Filter>Header Files</Filter>
    </ClInclude>
    <ClInclude Include="matlab\src\bits\impl\tinythread.h">
      <Filter>Header Files</Filter>
    </ClInclude>
    <ClInclude Include="matlab\src\bits\impl\bilinearsampler.hpp">
      <Filter>Header Files</Filter>
    </ClInclude>
    <ClInclude Include="matlab\src\bits\impl\blashelper.hpp">
      <Filter>Header Files</Filter>
    </ClInclude>
    <ClInclude Include="matlab\src\bits\impl\bnorm.hpp">
      <Filter>Header Files</Filter>
    </ClInclude>
    <ClInclude Include="matlab\src\bits\impl\copy.hpp">
      <Filter>Header Files</Filter>
    </ClInclude>
    <ClInclude Include="matlab\src\bits\impl\cudnnhelper.hpp">
      <Filter>Header Files</Filter>
    </ClInclude>
    <ClInclude Include="matlab\src\bits\impl\im2row.hpp">
      <Filter>Header Files</Filter>
    </ClInclude>
    <ClInclude Include="matlab\src\bits\impl\imread_helpers.hpp">
      <Filter>Header Files</Filter>
    </ClInclude>
    <ClInclude Include="matlab\src\bits\impl\nnbias_blas.hpp">
      <Filter>Header Files</Filter>
    </ClInclude>
    <ClInclude Include="matlab\src\bits\impl\nnbias_cudnn.hpp">
      <Filter>Header Files</Filter>
    </ClInclude>
    <ClInclude Include="matlab\src\bits\impl\nnbilinearsampler_cudnn.hpp">
      <Filter>Header Files</Filter>
    </ClInclude>
    <ClInclude Include="matlab\src\bits\impl\nnbnorm_cudnn.hpp">
      <Filter>Header Files</Filter>
    </ClInclude>
    <ClInclude Include="matlab\src\bits\impl\nnconv_blas.hpp">
      <Filter>Header Files</Filter>
    </ClInclude>
    <ClInclude Include="matlab\src\bits\impl\nnconv_cudnn.hpp">
      <Filter>Header Files</Filter>
    </ClInclude>
    <ClInclude Include="matlab\src\bits\impl\nnpooling_cudnn.hpp">
      <Filter>Header Files</Filter>
    </ClInclude>
    <ClInclude Include="matlab\src\bits\impl\normalize.hpp">
      <Filter>Header Files</Filter>
    </ClInclude>
    <ClInclude Include="matlab\src\bits\impl\pooling.hpp">
      <Filter>Header Files</Filter>
    </ClInclude>
    <ClInclude Include="matlab\src\bits\impl\roipooling.hpp">
      <Filter>Header Files</Filter>
    </ClInclude>
    <ClInclude Include="matlab\src\bits\impl\subsample.hpp">
      <Filter>Header Files</Filter>
    </ClInclude>
  </ItemGroup>
  <ItemGroup>
    <None Include="doc\site\theme\base.html" />
    <None Include="doc\site\theme\content.html" />
    <None Include="doc\site\theme\nav.html" />
    <None Include="doc\site\theme\toc.html" />
  </ItemGroup>
</Project>